{
  "requires": true,
  "lockfileVersion": 1,
  "dependencies": {
    "@types/uuid": {
      "version": "8.3.1",
      "resolved": "https://registry.npmjs.org/@types/uuid/-/uuid-8.3.1.tgz",
      "integrity": "sha512-Y2mHTRAbqfFkpjldbkHGY8JIzRN6XqYRliG8/24FcHm2D2PwW24fl5xMRTVGdrb7iMrwCaIEbLWerGIkXuFWVg=="
    },
    "add-px-to-style": {
      "version": "1.0.0",
      "resolved": "https://registry.npmjs.org/add-px-to-style/-/add-px-to-style-1.0.0.tgz",
      "integrity": "sha1-0ME1RB+oAUqBN5BFMQlvZ/KPJjo="
    },
    "clsx": {
      "version": "1.1.1",
      "resolved": "https://registry.npmjs.org/clsx/-/clsx-1.1.1.tgz",
      "integrity": "sha512-6/bPho624p3S2pMyvP5kKBPXnI3ufHLObBFCfgx+LkeR5lg2XYy2hqZqUf45ypD8COn2bhgGJSUE+l5dhNBieA=="
    },
    "cnbuilder": {
      "version": "2.7.1",
      "resolved": "https://registry.npmjs.org/cnbuilder/-/cnbuilder-2.7.1.tgz",
      "integrity": "sha512-kJ/X8vJOSeY0usRPuTlm+rtsB8iwpTs4JFOvDQxkFX6M/0D5IbOKZBJf822T3UIVNWOIXiewXh7l/ux1Feh1Yg=="
    },
    "dom-css": {
      "version": "2.1.0",
      "resolved": "https://registry.npmjs.org/dom-css/-/dom-css-2.1.0.tgz",
      "integrity": "sha1-/bwtWgFdCj4YcuEUcrvQ57nmogI=",
      "requires": {
        "add-px-to-style": "1.0.0",
        "prefix-style": "2.0.1",
        "to-camel-case": "1.0.0"
      }
    },
    "js-tokens": {
      "version": "4.0.0",
      "resolved": "https://registry.npmjs.org/js-tokens/-/js-tokens-4.0.0.tgz",
      "integrity": "sha512-RdJUflcE3cUzKiMqQgsCu06FPu9UdIJO0beYbPhHN4k6apgJtifcoCtT9bcxOpYBtpD2kCM6Sbzg4CausW/PKQ=="
    },
    "loose-envify": {
      "version": "1.4.0",
      "resolved": "https://registry.npmjs.org/loose-envify/-/loose-envify-1.4.0.tgz",
      "integrity": "sha512-lyuxPGr/Wfhrlem2CL/UcnUc1zcqKAImBDzukY7Y5F/yQiNdko6+fRLevlw1HgMySw7f611UIY408EtxRSoK3Q==",
      "requires": {
        "js-tokens": "^3.0.0 || ^4.0.0"
      }
    },
    "object-assign": {
      "version": "4.1.1",
      "resolved": "https://registry.npmjs.org/object-assign/-/object-assign-4.1.1.tgz",
      "integrity": "sha1-IQmtx5ZYh8/AXLvUQsrIv7s2CGM="
    },
    "perfect-scrollbar": {
      "version": "1.5.2",
      "resolved": "https://registry.npmjs.org/perfect-scrollbar/-/perfect-scrollbar-1.5.2.tgz",
      "integrity": "sha512-McHAinFkyzKbBZrFtb4MT2mxkehp15KvOX/UrjB8C5EZZXHTHgyETo5IGFYtHRTI2Pb2bsV0OE0YnkjT9Cw3aw=="
    },
    "performance-now": {
      "version": "2.1.0",
      "resolved": "https://registry.npmjs.org/performance-now/-/performance-now-2.1.0.tgz",
      "integrity": "sha1-Ywn04OX6kT7BxpMHrjZLSzd8nns="
    },
    "prefix-style": {
      "version": "2.0.1",
      "resolved": "https://registry.npmjs.org/prefix-style/-/prefix-style-2.0.1.tgz",
      "integrity": "sha1-ZrupqHDP2jCKXcIOhekSCTLJWgY="
    },
    "prop-types": {
      "version": "15.7.2",
      "resolved": "https://registry.npmjs.org/prop-types/-/prop-types-15.7.2.tgz",
      "integrity": "sha512-8QQikdH7//R2vurIJSutZ1smHYTcLpRWEOlHnzcWHmBYrOGUysKwSsrC89BCiFj3CbrfJ/nXFdJepOVrY1GCHQ==",
      "requires": {
        "loose-envify": "^1.4.0",
        "object-assign": "^4.1.1",
        "react-is": "^16.8.1"
      }
    },
    "raf": {
      "version": "3.4.1",
      "resolved": "https://registry.npmjs.org/raf/-/raf-3.4.1.tgz",
      "integrity": "sha512-Sq4CW4QhwOHE8ucn6J34MqtZCeWFP2aQSmrlroYgqAV1PjStIhJXxYuTgUIfkEk7zTLjmIjLmU5q+fbD1NnOJA==",
      "requires": {
        "performance-now": "^2.1.0"
      }
    },
    "react-country-flag": {
      "version": "2.3.1",
      "resolved": "https://registry.npmjs.org/react-country-flag/-/react-country-flag-2.3.1.tgz",
      "integrity": "sha512-pG2DYhx8NPoo6FMwdtSaFonqGOPAEODVxc4ZmTaPr87DZRwhG3yFxe/KFvltDWyiHwMRdPN5Ys5li7DvVE9d3w=="
    },
    "react-custom-scrollbars": {
      "version": "4.2.1",
      "resolved": "https://registry.npmjs.org/react-custom-scrollbars/-/react-custom-scrollbars-4.2.1.tgz",
      "integrity": "sha1-gw/ZUCkn6X6KeMIIaBOJmyqLZts=",
      "requires": {
        "dom-css": "^2.0.0",
        "prop-types": "^15.5.10",
        "raf": "^3.1.0"
      }
    },
    "react-draggable": {
      "version": "4.4.4",
      "resolved": "https://registry.npmjs.org/react-draggable/-/react-draggable-4.4.4.tgz",
      "integrity": "sha512-6e0WdcNLwpBx/YIDpoyd2Xb04PB0elrDrulKUgdrIlwuYvxh5Ok9M+F8cljm8kPXXs43PmMzek9RrB1b7mLMqA==",
      "requires": {
        "clsx": "^1.1.1",
        "prop-types": "^15.6.0"
      }
    },
    "react-is": {
      "version": "16.13.1",
      "resolved": "https://registry.npmjs.org/react-is/-/react-is-16.13.1.tgz",
      "integrity": "sha512-24e6ynE2H+OKt4kqsOvNd8kBpV65zoxbA4BVsEOB3ARVWQki/DHzaUoC5KuON/BiccDaCCTZBuOcfZs70kR8bQ=="
    },
    "react-perfect-scrollbar": {
      "version": "1.5.8",
      "resolved": "https://registry.npmjs.org/react-perfect-scrollbar/-/react-perfect-scrollbar-1.5.8.tgz",
      "integrity": "sha512-bQ46m70gp/HJtiBOF3gRzBISSZn8FFGNxznTdmTG8AAwpxG1bJCyn7shrgjEvGSQ5FJEafVEiosY+ccER11OSA==",
      "requires": {
        "perfect-scrollbar": "^1.5.0",
        "prop-types": "^15.6.1"
      }
    },
    "react-scrollbars-custom": {
      "version": "4.0.27",
      "resolved": "https://registry.npmjs.org/react-scrollbars-custom/-/react-scrollbars-custom-4.0.27.tgz",
      "integrity": "sha512-vEIvb+AbxWHtU6yqNfIEtnm06vguFFxDK8UTC6hPMlgEPvrQX7ayoLp9MT+vyszouQ9NgcEtipLmNGEw31pQpQ==",
      "requires": {
        "cnbuilder": "^2.5.0",
        "react-draggable": "^4.4.2",
        "zoom-level": "^2.5.0"
      }
    },
    "react-uuid": {
      "version": "1.0.2",
      "resolved": "https://registry.npmjs.org/react-uuid/-/react-uuid-1.0.2.tgz",
      "integrity": "sha512-5e0GM16uuQj9MdRJlZ0GdLC8LKMwpU9PIqYmF27s3fIV2z+rLyASTaiW4aKzSY4DyGanz+ImzsECkftwGWfAwA=="
    },
    "to-camel-case": {
      "version": "1.0.0",
      "resolved": "https://registry.npmjs.org/to-camel-case/-/to-camel-case-1.0.0.tgz",
      "integrity": "sha1-GlYFSy+daWKYzmamCJcyK29CPkY=",
      "requires": {
        "to-space-case": "^1.0.0"
      }
    },
    "to-no-case": {
      "version": "1.0.2",
      "resolved": "https://registry.npmjs.org/to-no-case/-/to-no-case-1.0.2.tgz",
      "integrity": "sha1-xyKQcWTvaxeBMsjmmTAhLRtKoWo="
    },
    "to-space-case": {
      "version": "1.0.0",
      "resolved": "https://registry.npmjs.org/to-space-case/-/to-space-case-1.0.0.tgz",
      "integrity": "sha1-sFLar7Gysp3HcM6gFj5ewOvJ/Bc=",
      "requires": {
        "to-no-case": "^1.0.0"
      }
    },
    "uuid": {
      "version": "8.3.2",
      "resolved": "https://registry.npmjs.org/uuid/-/uuid-8.3.2.tgz",
      "integrity": "sha512-+NYs2QeMWy+GWFOEm9xnn6HCDp0l7QBD7ml8zLUmJ+93Q5NF0NocErnwkTkXVFNiX3/fpC6afS8Dhb/gz7R7eg=="
    },
    "uuidv4": {
      "version": "6.2.12",
      "resolved": "https://registry.npmjs.org/uuidv4/-/uuidv4-6.2.12.tgz",
      "integrity": "sha512-UnN4ThIYWhv3ZUE8UwDnnCvh4JafCNu+sQkxmLyjCVwK3rjLfkg3DYiEv6oCMDIAIVEDP4INg4kX/C5hKaRzZA==",
      "requires": {
        "@types/uuid": "8.3.1",
        "uuid": "8.3.2"
      }
    },
    "zoom-level": {
      "version": "2.5.0",
      "resolved": "https://registry.npmjs.org/zoom-level/-/zoom-level-2.5.0.tgz",
      "integrity": "sha512-7UlRWU4Q3uCMCeDVMOm7eBrIu145OqsIJ3p6zq58l8UsSYwKWxc6zEapC5YA9tIeh0oheb4cT9Kk2Wq353loFg=="
    }
  }
}
