
Microsoft Visual Studio Solution File, Format Version 12.00
# Visual Studio Version 16
VisualStudioVersion = 16.0.31129.286
MinimumVisualStudioVersion = 10.0.40219.1
Project("{FAE04EC0-301F-11D3-BF4B-00C04F79EFBC}") = "COVID-19-Tracking-API", "COVID-19-Tracking-API.csproj", "{22A8E0BF-77A1-4152-B8A6-BA35EDAEDA71}"
EndProject
Project("{FAE04EC0-301F-11D3-BF4B-00C04F79EFBC}") = "ScheduledTasks", "..\ScheduledTasks\ScheduledTasks.csproj", "{6E78CEF2-BF9A-4773-96FC-4473A2AF9FDA}"
EndProject
Global
	GlobalSection(SolutionConfigurationPlatforms) = preSolution
		Debug|Any CPU = Debug|Any CPU
		Release|Any CPU = Release|Any CPU
	EndGlobalSection
	GlobalSection(ProjectConfigurationPlatforms) = postSolution
		{22A8E0BF-77A1-4152-B8A6-BA35EDAEDA71}.Debug|Any CPU.ActiveCfg = Debug|Any CPU
		{22A8E0BF-77A1-4152-B8A6-BA35EDAEDA71}.Debug|Any CPU.Build.0 = Debug|Any CPU
		{22A8E0BF-77A1-4152-B8A6-BA35EDAEDA71}.Release|Any CPU.ActiveCfg = Release|Any CPU
		{22A8E0BF-77A1-4152-B8A6-BA35EDAEDA71}.Release|Any CPU.Build.0 = Release|Any CPU
		{6E78CEF2-BF9A-4773-96FC-4473A2AF9FDA}.Debug|Any CPU.ActiveCfg = Debug|Any CPU
		{6E78CEF2-BF9A-4773-96FC-4473A2AF9FDA}.Debug|Any CPU.Build.0 = Debug|Any CPU
		{6E78CEF2-BF9A-4773-96FC-4473A2AF9FDA}.Release|Any CPU.ActiveCfg = Release|Any CPU
		{6E78CEF2-BF9A-4773-96FC-4473A2AF9FDA}.Release|Any CPU.Build.0 = Release|Any CPU
	EndGlobalSection
	GlobalSection(SolutionProperties) = preSolution
		HideSolutionNode = FALSE
	EndGlobalSection
	GlobalSection(ExtensibilityGlobals) = postSolution
		SolutionGuid = {0B811FA4-2AA9-412B-A971-469AB926B54E}
	EndGlobalSection
EndGlobal
